
Microsoft Visual Studio Solution File, Format Version 12.00
# Visual Studio Version 16
VisualStudioVersion = 16.0.31402.337
MinimumVisualStudioVersion = 10.0.40219.1
Project("{FAE04EC0-301F-11D3-BF4B-00C04F79EFBC}") = "Snake", "Snake\Snake.csproj", "{ECC72147-5830-4616-8388-70C47F06968F}"
EndProject
Global
	GlobalSection(SolutionConfigurationPlatforms) = preSolution
		Debug|Any CPU = Debug|Any CPU
		Release|Any CPU = Release|Any CPU
	EndGlobalSection
	GlobalSection(ProjectConfigurationPlatforms) = postSolution
		{ECC72147-5830-4616-8388-70C47F06968F}.Debug|Any CPU.ActiveCfg = Debug|Any CPU
		{ECC72147-5830-4616-8388-70C47F06968F}.Debug|Any CPU.Build.0 = Debug|Any CPU
		{ECC72147-5830-4616-8388-70C47F06968F}.Release|Any CPU.ActiveCfg = Release|Any CPU
		{ECC72147-5830-4616-8388-70C47F06968F}.Release|Any CPU.Build.0 = Release|Any CPU
	EndGlobalSection
	GlobalSection(SolutionProperties) = preSolution
		HideSolutionNode = FALSE
	EndGlobalSection
	GlobalSection(ExtensibilityGlobals) = postSolution
		SolutionGuid = {B31328CD-16C1-4C94-A2D3-D8BFAE758B89}
	EndGlobalSection
EndGlobal
